
Microsoft Visual Studio Solution File, Format Version 12.00
# Visual Studio Version 16
VisualStudioVersion = 16.0.31515.178
MinimumVisualStudioVersion = 10.0.40219.1
Project("{9A19103F-16F7-4668-BE54-9A1E7A4F7556}") = "HomeWork3", "HomeWork3\HomeWork3.csproj", "{77E4553E-923F-4D5F-A81D-840BC5A5647B}"
EndProject
Project("{FAE04EC0-301F-11D3-BF4B-00C04F79EFBC}") = "HomeWork3.Tests", "HomeWork3.Tests\HomeWork3.Tests.csproj", "{51B21171-4531-452A-A5DE-FB82B0C1D083}"
EndProject
Global
	GlobalSection(SolutionConfigurationPlatforms) = preSolution
		Debug|Any CPU = Debug|Any CPU
		Release|Any CPU = Release|Any CPU
	EndGlobalSection
	GlobalSection(ProjectConfigurationPlatforms) = postSolution
		{77E4553E-923F-4D5F-A81D-840BC5A5647B}.Debug|Any CPU.ActiveCfg = Debug|Any CPU
		{77E4553E-923F-4D5F-A81D-840BC5A5647B}.Debug|Any CPU.Build.0 = Debug|Any CPU
		{77E4553E-923F-4D5F-A81D-840BC5A5647B}.Release|Any CPU.ActiveCfg = Release|Any CPU
		{77E4553E-923F-4D5F-A81D-840BC5A5647B}.Release|Any CPU.Build.0 = Release|Any CPU
		{51B21171-4531-452A-A5DE-FB82B0C1D083}.Debug|Any CPU.ActiveCfg = Debug|Any CPU
		{51B21171-4531-452A-A5DE-FB82B0C1D083}.Debug|Any CPU.Build.0 = Debug|Any CPU
		{51B21171-4531-452A-A5DE-FB82B0C1D083}.Release|Any CPU.ActiveCfg = Release|Any CPU
		{51B21171-4531-452A-A5DE-FB82B0C1D083}.Release|Any CPU.Build.0 = Release|Any CPU
	EndGlobalSection
	GlobalSection(SolutionProperties) = preSolution
		HideSolutionNode = FALSE
	EndGlobalSection
	GlobalSection(ExtensibilityGlobals) = postSolution
		SolutionGuid = {A7846406-8721-4B98-B3A9-C9018C07B17B}
	EndGlobalSection
EndGlobal
